
Microsoft Visual Studio Solution File, Format Version 12.00
# Visual Studio Version 17
VisualStudioVersion = 17.0.31903.59
MinimumVisualStudioVersion = 10.0.40219.1
Project("{FAE04EC0-301F-11D3-BF4B-00C04F79EFBC}") = "MyConsoleApp", "MyConsoleApp\MyConsoleApp.csproj", "{3C1C087E-4C12-4334-8D24-469F88A452D6}"
EndProject
Project("{FAE04EC0-301F-11D3-BF4B-00C04F79EFBC}") = "CSharpDotNet", "CSharpDotNet\CSharpDotNet.csproj", "{0576F485-FF11-4907-95C7-4360E66A3D8D}"
EndProject
Project("{FAE04EC0-301F-11D3-BF4B-00C04F79EFBC}") = "DotNetDebugging", "DotNetDebugging\DotNetDebugging.csproj", "{57C72C1E-1191-4CA5-AAB1-3ECD869BEEDD}"
EndProject
Project("{2150E333-8FDC-42A3-9474-1A3956D46DE8}") = "mslearn-dotnet-files-cse325", "mslearn-dotnet-files-cse325", "{C3D87254-3CFD-392F-D49C-48FF5EC4AA65}"
EndProject
Project("{FAE04EC0-301F-11D3-BF4B-00C04F79EFBC}") = "mslearn-dotnet-files", "mslearn-dotnet-files-cse325\mslearn-dotnet-files.csproj", "{BF2FE5AB-0940-4CD6-8A0B-930288B0864F}"
EndProject
Global
	GlobalSection(SolutionConfigurationPlatforms) = preSolution
		Debug|Any CPU = Debug|Any CPU
		Debug|x64 = Debug|x64
		Debug|x86 = Debug|x86
		Release|Any CPU = Release|Any CPU
		Release|x64 = Release|x64
		Release|x86 = Release|x86
	EndGlobalSection
	GlobalSection(ProjectConfigurationPlatforms) = postSolution
		{3C1C087E-4C12-4334-8D24-469F88A452D6}.Debug|Any CPU.ActiveCfg = Debug|Any CPU
		{3C1C087E-4C12-4334-8D24-469F88A452D6}.Debug|Any CPU.Build.0 = Debug|Any CPU
		{3C1C087E-4C12-4334-8D24-469F88A452D6}.Debug|x64.ActiveCfg = Debug|Any CPU
		{3C1C087E-4C12-4334-8D24-469F88A452D6}.Debug|x64.Build.0 = Debug|Any CPU
		{3C1C087E-4C12-4334-8D24-469F88A452D6}.Debug|x86.ActiveCfg = Debug|Any CPU
		{3C1C087E-4C12-4334-8D24-469F88A452D6}.Debug|x86.Build.0 = Debug|Any CPU
		{3C1C087E-4C12-4334-8D24-469F88A452D6}.Release|Any CPU.ActiveCfg = Release|Any CPU
		{3C1C087E-4C12-4334-8D24-469F88A452D6}.Release|Any CPU.Build.0 = Release|Any CPU
		{3C1C087E-4C12-4334-8D24-469F88A452D6}.Release|x64.ActiveCfg = Release|Any CPU
		{3C1C087E-4C12-4334-8D24-469F88A452D6}.Release|x64.Build.0 = Release|Any CPU
		{3C1C087E-4C12-4334-8D24-469F88A452D6}.Release|x86.ActiveCfg = Release|Any CPU
		{3C1C087E-4C12-4334-8D24-469F88A452D6}.Release|x86.Build.0 = Release|Any CPU
		{0576F485-FF11-4907-95C7-4360E66A3D8D}.Debug|Any CPU.ActiveCfg = Debug|Any CPU
		{0576F485-FF11-4907-95C7-4360E66A3D8D}.Debug|Any CPU.Build.0 = Debug|Any CPU
		{0576F485-FF11-4907-95C7-4360E66A3D8D}.Debug|x64.ActiveCfg = Debug|Any CPU
		{0576F485-FF11-4907-95C7-4360E66A3D8D}.Debug|x64.Build.0 = Debug|Any CPU
		{0576F485-FF11-4907-95C7-4360E66A3D8D}.Debug|x86.ActiveCfg = Debug|Any CPU
		{0576F485-FF11-4907-95C7-4360E66A3D8D}.Debug|x86.Build.0 = Debug|Any CPU
		{0576F485-FF11-4907-95C7-4360E66A3D8D}.Release|Any CPU.ActiveCfg = Release|Any CPU
		{0576F485-FF11-4907-95C7-4360E66A3D8D}.Release|Any CPU.Build.0 = Release|Any CPU
		{0576F485-FF11-4907-95C7-4360E66A3D8D}.Release|x64.ActiveCfg = Release|Any CPU
		{0576F485-FF11-4907-95C7-4360E66A3D8D}.Release|x64.Build.0 = Release|Any CPU
		{0576F485-FF11-4907-95C7-4360E66A3D8D}.Release|x86.ActiveCfg = Release|Any CPU
		{0576F485-FF11-4907-95C7-4360E66A3D8D}.Release|x86.Build.0 = Release|Any CPU
		{57C72C1E-1191-4CA5-AAB1-3ECD869BEEDD}.Debug|Any CPU.ActiveCfg = Debug|Any CPU
		{57C72C1E-1191-4CA5-AAB1-3ECD869BEEDD}.Debug|Any CPU.Build.0 = Debug|Any CPU
		{57C72C1E-1191-4CA5-AAB1-3ECD869BEEDD}.Debug|x64.ActiveCfg = Debug|Any CPU
		{57C72C1E-1191-4CA5-AAB1-3ECD869BEEDD}.Debug|x64.Build.0 = Debug|Any CPU
		{57C72C1E-1191-4CA5-AAB1-3ECD869BEEDD}.Debug|x86.ActiveCfg = Debug|Any CPU
		{57C72C1E-1191-4CA5-AAB1-3ECD869BEEDD}.Debug|x86.Build.0 = Debug|Any CPU
		{57C72C1E-1191-4CA5-AAB1-3ECD869BEEDD}.Release|Any CPU.ActiveCfg = Release|Any CPU
		{57C72C1E-1191-4CA5-AAB1-3ECD869BEEDD}.Release|Any CPU.Build.0 = Release|Any CPU
		{57C72C1E-1191-4CA5-AAB1-3ECD869BEEDD}.Release|x64.ActiveCfg = Release|Any CPU
		{57C72C1E-1191-4CA5-AAB1-3ECD869BEEDD}.Release|x64.Build.0 = Release|Any CPU
		{57C72C1E-1191-4CA5-AAB1-3ECD869BEEDD}.Release|x86.ActiveCfg = Release|Any CPU
		{57C72C1E-1191-4CA5-AAB1-3ECD869BEEDD}.Release|x86.Build.0 = Release|Any CPU
		{BF2FE5AB-0940-4CD6-8A0B-930288B0864F}.Debug|Any CPU.ActiveCfg = Debug|Any CPU
		{BF2FE5AB-0940-4CD6-8A0B-930288B0864F}.Debug|Any CPU.Build.0 = Debug|Any CPU
		{BF2FE5AB-0940-4CD6-8A0B-930288B0864F}.Debug|x64.ActiveCfg = Debug|Any CPU
		{BF2FE5AB-0940-4CD6-8A0B-930288B0864F}.Debug|x64.Build.0 = Debug|Any CPU
		{BF2FE5AB-0940-4CD6-8A0B-930288B0864F}.Debug|x86.ActiveCfg = Debug|Any CPU
		{BF2FE5AB-0940-4CD6-8A0B-930288B0864F}.Debug|x86.Build.0 = Debug|Any CPU
		{BF2FE5AB-0940-4CD6-8A0B-930288B0864F}.Release|Any CPU.ActiveCfg = Release|Any CPU
		{BF2FE5AB-0940-4CD6-8A0B-930288B0864F}.Release|Any CPU.Build.0 = Release|Any CPU
		{BF2FE5AB-0940-4CD6-8A0B-930288B0864F}.Release|x64.ActiveCfg = Release|Any CPU
		{BF2FE5AB-0940-4CD6-8A0B-930288B0864F}.Release|x64.Build.0 = Release|Any CPU
		{BF2FE5AB-0940-4CD6-8A0B-930288B0864F}.Release|x86.ActiveCfg = Release|Any CPU
		{BF2FE5AB-0940-4CD6-8A0B-930288B0864F}.Release|x86.Build.0 = Release|Any CPU
	EndGlobalSection
	GlobalSection(SolutionProperties) = preSolution
		HideSolutionNode = FALSE
	EndGlobalSection
	GlobalSection(NestedProjects) = preSolution
		{BF2FE5AB-0940-4CD6-8A0B-930288B0864F} = {C3D87254-3CFD-392F-D49C-48FF5EC4AA65}
	EndGlobalSection
EndGlobal
