
Microsoft Visual Studio Solution File, Format Version 12.00
# Visual Studio Version 17
VisualStudioVersion = 17.0.31903.59
MinimumVisualStudioVersion = 10.0.40219.1
Project("{FAE04EC0-301F-11D3-BF4B-00C04F79EFBC}") = "MyConsoleApp", "MyConsoleApp\MyConsoleApp.csproj", "{3C1C087E-4C12-4334-8D24-469F88A452D6}"
EndProject
Project("{FAE04EC0-301F-11D3-BF4B-00C04F79EFBC}") = "CSharpDotNet", "CSharpDotNet\CSharpDotNet.csproj", "{0576F485-FF11-4907-95C7-4360E66A3D8D}"
EndProject
Project("{FAE04EC0-301F-11D3-BF4B-00C04F79EFBC}") = "DotNetDebugging", "DotNetDebugging\DotNetDebugging.csproj", "{57C72C1E-1191-4CA5-AAB1-3ECD869BEEDD}"
EndProject
Project("{FAE04EC0-301F-11D3-BF4B-00C04F79EFBC}") = "RazorPagesMovie", "RazorPagesMovie\RazorPagesMovie.csproj", "{ABCFD1E8-E858-4F76-8F99-3D0E29B32A91}"
EndProject
Project("{FAE04EC0-301F-11D3-BF4B-00C04F79EFBC}") = "ContosoPizza", "ContosoPizza\ContosoPizza.csproj", "{B549BBC2-75B4-453E-B244-AD851202344C}"
EndProject
Global
	GlobalSection(SolutionConfigurationPlatforms) = preSolution
		Debug|Any CPU = Debug|Any CPU
		Debug|x64 = Debug|x64
		Debug|x86 = Debug|x86
		Release|Any CPU = Release|Any CPU
		Release|x64 = Release|x64
		Release|x86 = Release|x86
	EndGlobalSection
	GlobalSection(ProjectConfigurationPlatforms) = postSolution
		{3C1C087E-4C12-4334-8D24-469F88A452D6}.Debug|Any CPU.ActiveCfg = Debug|Any CPU
		{3C1C087E-4C12-4334-8D24-469F88A452D6}.Debug|Any CPU.Build.0 = Debug|Any CPU
		{3C1C087E-4C12-4334-8D24-469F88A452D6}.Debug|x64.ActiveCfg = Debug|Any CPU
		{3C1C087E-4C12-4334-8D24-469F88A452D6}.Debug|x64.Build.0 = Debug|Any CPU
		{3C1C087E-4C12-4334-8D24-469F88A452D6}.Debug|x86.ActiveCfg = Debug|Any CPU
		{3C1C087E-4C12-4334-8D24-469F88A452D6}.Debug|x86.Build.0 = Debug|Any CPU
		{3C1C087E-4C12-4334-8D24-469F88A452D6}.Release|Any CPU.ActiveCfg = Release|Any CPU
		{3C1C087E-4C12-4334-8D24-469F88A452D6}.Release|Any CPU.Build.0 = Release|Any CPU
		{3C1C087E-4C12-4334-8D24-469F88A452D6}.Release|x64.ActiveCfg = Release|Any CPU
		{3C1C087E-4C12-4334-8D24-469F88A452D6}.Release|x64.Build.0 = Release|Any CPU
		{3C1C087E-4C12-4334-8D24-469F88A452D6}.Release|x86.ActiveCfg = Release|Any CPU
		{3C1C087E-4C12-4334-8D24-469F88A452D6}.Release|x86.Build.0 = Release|Any CPU
		{0576F485-FF11-4907-95C7-4360E66A3D8D}.Debug|Any CPU.ActiveCfg = Debug|Any CPU
		{0576F485-FF11-4907-95C7-4360E66A3D8D}.Debug|Any CPU.Build.0 = Debug|Any CPU
		{0576F485-FF11-4907-95C7-4360E66A3D8D}.Debug|x64.ActiveCfg = Debug|Any CPU
		{0576F485-FF11-4907-95C7-4360E66A3D8D}.Debug|x64.Build.0 = Debug|Any CPU
		{0576F485-FF11-4907-95C7-4360E66A3D8D}.Debug|x86.ActiveCfg = Debug|Any CPU
		{0576F485-FF11-4907-95C7-4360E66A3D8D}.Debug|x86.Build.0 = Debug|Any CPU
		{0576F485-FF11-4907-95C7-4360E66A3D8D}.Release|Any CPU.ActiveCfg = Release|Any CPU
		{0576F485-FF11-4907-95C7-4360E66A3D8D}.Release|Any CPU.Build.0 = Release|Any CPU
		{0576F485-FF11-4907-95C7-4360E66A3D8D}.Release|x64.ActiveCfg = Release|Any CPU
		{0576F485-FF11-4907-95C7-4360E66A3D8D}.Release|x64.Build.0 = Release|Any CPU
		{0576F485-FF11-4907-95C7-4360E66A3D8D}.Release|x86.ActiveCfg = Release|Any CPU
		{0576F485-FF11-4907-95C7-4360E66A3D8D}.Release|x86.Build.0 = Release|Any CPU
		{57C72C1E-1191-4CA5-AAB1-3ECD869BEEDD}.Debug|Any CPU.ActiveCfg = Debug|Any CPU
		{57C72C1E-1191-4CA5-AAB1-3ECD869BEEDD}.Debug|Any CPU.Build.0 = Debug|Any CPU
		{57C72C1E-1191-4CA5-AAB1-3ECD869BEEDD}.Debug|x64.ActiveCfg = Debug|Any CPU
		{57C72C1E-1191-4CA5-AAB1-3ECD869BEEDD}.Debug|x64.Build.0 = Debug|Any CPU
		{57C72C1E-1191-4CA5-AAB1-3ECD869BEEDD}.Debug|x86.ActiveCfg = Debug|Any CPU
		{57C72C1E-1191-4CA5-AAB1-3ECD869BEEDD}.Debug|x86.Build.0 = Debug|Any CPU
		{57C72C1E-1191-4CA5-AAB1-3ECD869BEEDD}.Release|Any CPU.ActiveCfg = Release|Any CPU
		{57C72C1E-1191-4CA5-AAB1-3ECD869BEEDD}.Release|Any CPU.Build.0 = Release|Any CPU
		{57C72C1E-1191-4CA5-AAB1-3ECD869BEEDD}.Release|x64.ActiveCfg = Release|Any CPU
		{57C72C1E-1191-4CA5-AAB1-3ECD869BEEDD}.Release|x64.Build.0 = Release|Any CPU
		{57C72C1E-1191-4CA5-AAB1-3ECD869BEEDD}.Release|x86.ActiveCfg = Release|Any CPU
		{57C72C1E-1191-4CA5-AAB1-3ECD869BEEDD}.Release|x86.Build.0 = Release|Any CPU
		{ABCFD1E8-E858-4F76-8F99-3D0E29B32A91}.Debug|Any CPU.ActiveCfg = Debug|Any CPU
		{ABCFD1E8-E858-4F76-8F99-3D0E29B32A91}.Debug|Any CPU.Build.0 = Debug|Any CPU
		{ABCFD1E8-E858-4F76-8F99-3D0E29B32A91}.Debug|x64.ActiveCfg = Debug|Any CPU
		{ABCFD1E8-E858-4F76-8F99-3D0E29B32A91}.Debug|x64.Build.0 = Debug|Any CPU
		{ABCFD1E8-E858-4F76-8F99-3D0E29B32A91}.Debug|x86.ActiveCfg = Debug|Any CPU
		{ABCFD1E8-E858-4F76-8F99-3D0E29B32A91}.Debug|x86.Build.0 = Debug|Any CPU
		{ABCFD1E8-E858-4F76-8F99-3D0E29B32A91}.Release|Any CPU.ActiveCfg = Release|Any CPU
		{ABCFD1E8-E858-4F76-8F99-3D0E29B32A91}.Release|Any CPU.Build.0 = Release|Any CPU
		{ABCFD1E8-E858-4F76-8F99-3D0E29B32A91}.Release|x64.ActiveCfg = Release|Any CPU
		{ABCFD1E8-E858-4F76-8F99-3D0E29B32A91}.Release|x64.Build.0 = Release|Any CPU
		{ABCFD1E8-E858-4F76-8F99-3D0E29B32A91}.Release|x86.ActiveCfg = Release|Any CPU
		{ABCFD1E8-E858-4F76-8F99-3D0E29B32A91}.Release|x86.Build.0 = Release|Any CPU
		{B549BBC2-75B4-453E-B244-AD851202344C}.Debug|Any CPU.ActiveCfg = Debug|Any CPU
		{B549BBC2-75B4-453E-B244-AD851202344C}.Debug|Any CPU.Build.0 = Debug|Any CPU
		{B549BBC2-75B4-453E-B244-AD851202344C}.Debug|x64.ActiveCfg = Debug|Any CPU
		{B549BBC2-75B4-453E-B244-AD851202344C}.Debug|x64.Build.0 = Debug|Any CPU
		{B549BBC2-75B4-453E-B244-AD851202344C}.Debug|x86.ActiveCfg = Debug|Any CPU
		{B549BBC2-75B4-453E-B244-AD851202344C}.Debug|x86.Build.0 = Debug|Any CPU
		{B549BBC2-75B4-453E-B244-AD851202344C}.Release|Any CPU.ActiveCfg = Release|Any CPU
		{B549BBC2-75B4-453E-B244-AD851202344C}.Release|Any CPU.Build.0 = Release|Any CPU
		{B549BBC2-75B4-453E-B244-AD851202344C}.Release|x64.ActiveCfg = Release|Any CPU
		{B549BBC2-75B4-453E-B244-AD851202344C}.Release|x64.Build.0 = Release|Any CPU
		{B549BBC2-75B4-453E-B244-AD851202344C}.Release|x86.ActiveCfg = Release|Any CPU
		{B549BBC2-75B4-453E-B244-AD851202344C}.Release|x86.Build.0 = Release|Any CPU
	EndGlobalSection
	GlobalSection(SolutionProperties) = preSolution
		HideSolutionNode = FALSE
	EndGlobalSection
EndGlobal
